
Microsoft Visual Studio Solution File, Format Version 12.00
# Visual Studio Version 16
VisualStudioVersion = 16.0.29411.108
MinimumVisualStudioVersion = 10.0.40219.1
Project("{FAE04EC0-301F-11D3-BF4B-00C04F79EFBC}") = "BB.Xamarin.Mac", "BB.Xamarin.Mac\BB.Xamarin.Mac.csproj", "{BB41F790-BFF7-48FA-A309-678D39DA6355}"
EndProject
Project("{FAE04EC0-301F-11D3-BF4B-00C04F79EFBC}") = "UWPLibrary", "UWPLibrary\UWPLibrary.csproj", "{3E458B1D-476D-4977-B440-364DFA325B71}"
EndProject
Project("{FAE04EC0-301F-11D3-BF4B-00C04F79EFBC}") = "UWPBackgroundTask", "UWPBackgroundTask\UWPBackgroundTask.csproj", "{D29BFE0A-3ECF-4429-8A95-2CD098989A62}"
EndProject
Project("{FAE04EC0-301F-11D3-BF4B-00C04F79EFBC}") = "UWP", "UWP\UWP.csproj", "{7F1E11B0-EE49-45D7-B11C-A4B1024CF6A8}"
EndProject
Project("{9A19103F-16F7-4668-BE54-9A1E7A4F7556}") = "DonetCore", "DonetCore\DonetCore.csproj", "{2B1E964C-5CDB-454B-B610-5A0F726E4EF4}"
EndProject
Project("{9A19103F-16F7-4668-BE54-9A1E7A4F7556}") = "DotnetStandard", "DotnetStandard\DotnetStandard.csproj", "{77DE562A-022C-4C8F-9DC6-7632EA9AAD65}"
EndProject
Project("{FAE04EC0-301F-11D3-BF4B-00C04F79EFBC}") = "ConsoleApp", "ConsoleApp\ConsoleApp.csproj", "{2FE963BB-6404-43D1-AE54-8EE9B8EA66A9}"
EndProject
Global
	GlobalSection(SolutionConfigurationPlatforms) = preSolution
		Debug|Any CPU = Debug|Any CPU
		Debug|ARM = Debug|ARM
		Debug|ARM64 = Debug|ARM64
		Debug|x64 = Debug|x64
		Debug|x86 = Debug|x86
		MACOS|Any CPU = MACOS|Any CPU
		MACOS|ARM = MACOS|ARM
		MACOS|ARM64 = MACOS|ARM64
		MACOS|x64 = MACOS|x64
		MACOS|x86 = MACOS|x86
		Release|Any CPU = Release|Any CPU
		Release|ARM = Release|ARM
		Release|ARM64 = Release|ARM64
		Release|x64 = Release|x64
		Release|x86 = Release|x86
	EndGlobalSection
	GlobalSection(ProjectConfigurationPlatforms) = postSolution
		{BB41F790-BFF7-48FA-A309-678D39DA6355}.Debug|Any CPU.ActiveCfg = Debug|Any CPU
		{BB41F790-BFF7-48FA-A309-678D39DA6355}.Debug|Any CPU.Build.0 = Debug|Any CPU
		{BB41F790-BFF7-48FA-A309-678D39DA6355}.Debug|ARM.ActiveCfg = Debug|Any CPU
		{BB41F790-BFF7-48FA-A309-678D39DA6355}.Debug|ARM.Build.0 = Debug|Any CPU
		{BB41F790-BFF7-48FA-A309-678D39DA6355}.Debug|ARM64.ActiveCfg = Debug|Any CPU
		{BB41F790-BFF7-48FA-A309-678D39DA6355}.Debug|ARM64.Build.0 = Debug|Any CPU
		{BB41F790-BFF7-48FA-A309-678D39DA6355}.Debug|x64.ActiveCfg = Debug|Any CPU
		{BB41F790-BFF7-48FA-A309-678D39DA6355}.Debug|x64.Build.0 = Debug|Any CPU
		{BB41F790-BFF7-48FA-A309-678D39DA6355}.Debug|x86.ActiveCfg = Debug|Any CPU
		{BB41F790-BFF7-48FA-A309-678D39DA6355}.Debug|x86.Build.0 = Debug|Any CPU
		{BB41F790-BFF7-48FA-A309-678D39DA6355}.MACOS|Any CPU.ActiveCfg = Release|Any CPU
		{BB41F790-BFF7-48FA-A309-678D39DA6355}.MACOS|ARM.ActiveCfg = Release|Any CPU
		{BB41F790-BFF7-48FA-A309-678D39DA6355}.MACOS|ARM64.ActiveCfg = Release|Any CPU
		{BB41F790-BFF7-48FA-A309-678D39DA6355}.MACOS|x64.ActiveCfg = Release|Any CPU
		{BB41F790-BFF7-48FA-A309-678D39DA6355}.MACOS|x86.ActiveCfg = Release|Any CPU
		{BB41F790-BFF7-48FA-A309-678D39DA6355}.Release|Any CPU.ActiveCfg = Release|Any CPU
		{BB41F790-BFF7-48FA-A309-678D39DA6355}.Release|Any CPU.Build.0 = Release|Any CPU
		{BB41F790-BFF7-48FA-A309-678D39DA6355}.Release|ARM.ActiveCfg = Release|Any CPU
		{BB41F790-BFF7-48FA-A309-678D39DA6355}.Release|ARM.Build.0 = Release|Any CPU
		{BB41F790-BFF7-48FA-A309-678D39DA6355}.Release|ARM64.ActiveCfg = Release|Any CPU
		{BB41F790-BFF7-48FA-A309-678D39DA6355}.Release|ARM64.Build.0 = Release|Any CPU
		{BB41F790-BFF7-48FA-A309-678D39DA6355}.Release|x64.ActiveCfg = Release|Any CPU
		{BB41F790-BFF7-48FA-A309-678D39DA6355}.Release|x64.Build.0 = Release|Any CPU
		{BB41F790-BFF7-48FA-A309-678D39DA6355}.Release|x86.ActiveCfg = Release|Any CPU
		{BB41F790-BFF7-48FA-A309-678D39DA6355}.Release|x86.Build.0 = Release|Any CPU
		{3E458B1D-476D-4977-B440-364DFA325B71}.Debug|Any CPU.ActiveCfg = Debug|Any CPU
		{3E458B1D-476D-4977-B440-364DFA325B71}.Debug|Any CPU.Build.0 = Debug|Any CPU
		{3E458B1D-476D-4977-B440-364DFA325B71}.Debug|ARM.ActiveCfg = Debug|ARM
		{3E458B1D-476D-4977-B440-364DFA325B71}.Debug|ARM.Build.0 = Debug|ARM
		{3E458B1D-476D-4977-B440-364DFA325B71}.Debug|ARM64.ActiveCfg = Debug|ARM64
		{3E458B1D-476D-4977-B440-364DFA325B71}.Debug|ARM64.Build.0 = Debug|ARM64
		{3E458B1D-476D-4977-B440-364DFA325B71}.Debug|x64.ActiveCfg = Debug|x64
		{3E458B1D-476D-4977-B440-364DFA325B71}.Debug|x64.Build.0 = Debug|x64
		{3E458B1D-476D-4977-B440-364DFA325B71}.Debug|x86.ActiveCfg = Debug|x86
		{3E458B1D-476D-4977-B440-364DFA325B71}.Debug|x86.Build.0 = Debug|x86
		{3E458B1D-476D-4977-B440-364DFA325B71}.MACOS|Any CPU.ActiveCfg = MACOS|Any CPU
		{3E458B1D-476D-4977-B440-364DFA325B71}.MACOS|Any CPU.Build.0 = MACOS|Any CPU
		{3E458B1D-476D-4977-B440-364DFA325B71}.MACOS|ARM.ActiveCfg = MACOS|ARM
		{3E458B1D-476D-4977-B440-364DFA325B71}.MACOS|ARM.Build.0 = MACOS|ARM
		{3E458B1D-476D-4977-B440-364DFA325B71}.MACOS|ARM64.ActiveCfg = MACOS|ARM64
		{3E458B1D-476D-4977-B440-364DFA325B71}.MACOS|ARM64.Build.0 = MACOS|ARM64
		{3E458B1D-476D-4977-B440-364DFA325B71}.MACOS|x64.ActiveCfg = MACOS|x64
		{3E458B1D-476D-4977-B440-364DFA325B71}.MACOS|x64.Build.0 = MACOS|x64
		{3E458B1D-476D-4977-B440-364DFA325B71}.MACOS|x86.ActiveCfg = MACOS|x86
		{3E458B1D-476D-4977-B440-364DFA325B71}.MACOS|x86.Build.0 = MACOS|x86
		{3E458B1D-476D-4977-B440-364DFA325B71}.Release|Any CPU.ActiveCfg = Release|Any CPU
		{3E458B1D-476D-4977-B440-364DFA325B71}.Release|Any CPU.Build.0 = Release|Any CPU
		{3E458B1D-476D-4977-B440-364DFA325B71}.Release|ARM.ActiveCfg = Release|ARM
		{3E458B1D-476D-4977-B440-364DFA325B71}.Release|ARM.Build.0 = Release|ARM
		{3E458B1D-476D-4977-B440-364DFA325B71}.Release|ARM64.ActiveCfg = Release|ARM64
		{3E458B1D-476D-4977-B440-364DFA325B71}.Release|ARM64.Build.0 = Release|ARM64
		{3E458B1D-476D-4977-B440-364DFA325B71}.Release|x64.ActiveCfg = Release|x64
		{3E458B1D-476D-4977-B440-364DFA325B71}.Release|x64.Build.0 = Release|x64
		{3E458B1D-476D-4977-B440-364DFA325B71}.Release|x86.ActiveCfg = Release|x86
		{3E458B1D-476D-4977-B440-364DFA325B71}.Release|x86.Build.0 = Release|x86
		{D29BFE0A-3ECF-4429-8A95-2CD098989A62}.Debug|Any CPU.ActiveCfg = Debug|Any CPU
		{D29BFE0A-3ECF-4429-8A95-2CD098989A62}.Debug|Any CPU.Build.0 = Debug|Any CPU
		{D29BFE0A-3ECF-4429-8A95-2CD098989A62}.Debug|ARM.ActiveCfg = Debug|ARM
		{D29BFE0A-3ECF-4429-8A95-2CD098989A62}.Debug|ARM.Build.0 = Debug|ARM
		{D29BFE0A-3ECF-4429-8A95-2CD098989A62}.Debug|ARM64.ActiveCfg = Debug|ARM64
		{D29BFE0A-3ECF-4429-8A95-2CD098989A62}.Debug|ARM64.Build.0 = Debug|ARM64
		{D29BFE0A-3ECF-4429-8A95-2CD098989A62}.Debug|x64.ActiveCfg = Debug|x64
		{D29BFE0A-3ECF-4429-8A95-2CD098989A62}.Debug|x64.Build.0 = Debug|x64
		{D29BFE0A-3ECF-4429-8A95-2CD098989A62}.Debug|x86.ActiveCfg = Debug|x86
		{D29BFE0A-3ECF-4429-8A95-2CD098989A62}.Debug|x86.Build.0 = Debug|x86
		{D29BFE0A-3ECF-4429-8A95-2CD098989A62}.MACOS|Any CPU.ActiveCfg = MACOS|Any CPU
		{D29BFE0A-3ECF-4429-8A95-2CD098989A62}.MACOS|Any CPU.Build.0 = MACOS|Any CPU
		{D29BFE0A-3ECF-4429-8A95-2CD098989A62}.MACOS|ARM.ActiveCfg = MACOS|ARM
		{D29BFE0A-3ECF-4429-8A95-2CD098989A62}.MACOS|ARM.Build.0 = MACOS|ARM
		{D29BFE0A-3ECF-4429-8A95-2CD098989A62}.MACOS|ARM64.ActiveCfg = MACOS|ARM64
		{D29BFE0A-3ECF-4429-8A95-2CD098989A62}.MACOS|ARM64.Build.0 = MACOS|ARM64
		{D29BFE0A-3ECF-4429-8A95-2CD098989A62}.MACOS|x64.ActiveCfg = MACOS|x64
		{D29BFE0A-3ECF-4429-8A95-2CD098989A62}.MACOS|x64.Build.0 = MACOS|x64
		{D29BFE0A-3ECF-4429-8A95-2CD098989A62}.MACOS|x86.ActiveCfg = MACOS|x86
		{D29BFE0A-3ECF-4429-8A95-2CD098989A62}.MACOS|x86.Build.0 = MACOS|x86
		{D29BFE0A-3ECF-4429-8A95-2CD098989A62}.Release|Any CPU.ActiveCfg = Release|Any CPU
		{D29BFE0A-3ECF-4429-8A95-2CD098989A62}.Release|Any CPU.Build.0 = Release|Any CPU
		{D29BFE0A-3ECF-4429-8A95-2CD098989A62}.Release|ARM.ActiveCfg = Release|ARM
		{D29BFE0A-3ECF-4429-8A95-2CD098989A62}.Release|ARM.Build.0 = Release|ARM
		{D29BFE0A-3ECF-4429-8A95-2CD098989A62}.Release|ARM64.ActiveCfg = Release|ARM64
		{D29BFE0A-3ECF-4429-8A95-2CD098989A62}.Release|ARM64.Build.0 = Release|ARM64
		{D29BFE0A-3ECF-4429-8A95-2CD098989A62}.Release|x64.ActiveCfg = Release|x64
		{D29BFE0A-3ECF-4429-8A95-2CD098989A62}.Release|x64.Build.0 = Release|x64
		{D29BFE0A-3ECF-4429-8A95-2CD098989A62}.Release|x86.ActiveCfg = Release|x86
		{D29BFE0A-3ECF-4429-8A95-2CD098989A62}.Release|x86.Build.0 = Release|x86
		{7F1E11B0-EE49-45D7-B11C-A4B1024CF6A8}.Debug|Any CPU.ActiveCfg = Debug|x86
		{7F1E11B0-EE49-45D7-B11C-A4B1024CF6A8}.Debug|ARM.ActiveCfg = Debug|ARM
		{7F1E11B0-EE49-45D7-B11C-A4B1024CF6A8}.Debug|ARM.Build.0 = Debug|ARM
		{7F1E11B0-EE49-45D7-B11C-A4B1024CF6A8}.Debug|ARM.Deploy.0 = Debug|ARM
		{7F1E11B0-EE49-45D7-B11C-A4B1024CF6A8}.Debug|ARM64.ActiveCfg = Debug|ARM64
		{7F1E11B0-EE49-45D7-B11C-A4B1024CF6A8}.Debug|ARM64.Build.0 = Debug|ARM64
		{7F1E11B0-EE49-45D7-B11C-A4B1024CF6A8}.Debug|ARM64.Deploy.0 = Debug|ARM64
		{7F1E11B0-EE49-45D7-B11C-A4B1024CF6A8}.Debug|x64.ActiveCfg = Debug|x64
		{7F1E11B0-EE49-45D7-B11C-A4B1024CF6A8}.Debug|x64.Build.0 = Debug|x64
		{7F1E11B0-EE49-45D7-B11C-A4B1024CF6A8}.Debug|x64.Deploy.0 = Debug|x64
		{7F1E11B0-EE49-45D7-B11C-A4B1024CF6A8}.Debug|x86.ActiveCfg = Debug|x86
		{7F1E11B0-EE49-45D7-B11C-A4B1024CF6A8}.Debug|x86.Build.0 = Debug|x86
		{7F1E11B0-EE49-45D7-B11C-A4B1024CF6A8}.Debug|x86.Deploy.0 = Debug|x86
		{7F1E11B0-EE49-45D7-B11C-A4B1024CF6A8}.MACOS|Any CPU.ActiveCfg = MACOS|x86
		{7F1E11B0-EE49-45D7-B11C-A4B1024CF6A8}.MACOS|ARM.ActiveCfg = MACOS|ARM
		{7F1E11B0-EE49-45D7-B11C-A4B1024CF6A8}.MACOS|ARM.Build.0 = MACOS|ARM
		{7F1E11B0-EE49-45D7-B11C-A4B1024CF6A8}.MACOS|ARM.Deploy.0 = MACOS|ARM
		{7F1E11B0-EE49-45D7-B11C-A4B1024CF6A8}.MACOS|ARM64.ActiveCfg = MACOS|ARM64
		{7F1E11B0-EE49-45D7-B11C-A4B1024CF6A8}.MACOS|ARM64.Build.0 = MACOS|ARM64
		{7F1E11B0-EE49-45D7-B11C-A4B1024CF6A8}.MACOS|ARM64.Deploy.0 = MACOS|ARM64
		{7F1E11B0-EE49-45D7-B11C-A4B1024CF6A8}.MACOS|x64.ActiveCfg = MACOS|x64
		{7F1E11B0-EE49-45D7-B11C-A4B1024CF6A8}.MACOS|x64.Build.0 = MACOS|x64
		{7F1E11B0-EE49-45D7-B11C-A4B1024CF6A8}.MACOS|x64.Deploy.0 = MACOS|x64
		{7F1E11B0-EE49-45D7-B11C-A4B1024CF6A8}.MACOS|x86.ActiveCfg = MACOS|x86
		{7F1E11B0-EE49-45D7-B11C-A4B1024CF6A8}.MACOS|x86.Build.0 = MACOS|x86
		{7F1E11B0-EE49-45D7-B11C-A4B1024CF6A8}.MACOS|x86.Deploy.0 = MACOS|x86
		{7F1E11B0-EE49-45D7-B11C-A4B1024CF6A8}.Release|Any CPU.ActiveCfg = Release|x86
		{7F1E11B0-EE49-45D7-B11C-A4B1024CF6A8}.Release|ARM.ActiveCfg = Release|ARM
		{7F1E11B0-EE49-45D7-B11C-A4B1024CF6A8}.Release|ARM.Build.0 = Release|ARM
		{7F1E11B0-EE49-45D7-B11C-A4B1024CF6A8}.Release|ARM.Deploy.0 = Release|ARM
		{7F1E11B0-EE49-45D7-B11C-A4B1024CF6A8}.Release|ARM64.ActiveCfg = Release|ARM64
		{7F1E11B0-EE49-45D7-B11C-A4B1024CF6A8}.Release|ARM64.Build.0 = Release|ARM64
		{7F1E11B0-EE49-45D7-B11C-A4B1024CF6A8}.Release|ARM64.Deploy.0 = Release|ARM64
		{7F1E11B0-EE49-45D7-B11C-A4B1024CF6A8}.Release|x64.ActiveCfg = Release|x64
		{7F1E11B0-EE49-45D7-B11C-A4B1024CF6A8}.Release|x64.Build.0 = Release|x64
		{7F1E11B0-EE49-45D7-B11C-A4B1024CF6A8}.Release|x64.Deploy.0 = Release|x64
		{7F1E11B0-EE49-45D7-B11C-A4B1024CF6A8}.Release|x86.ActiveCfg = Release|x86
		{7F1E11B0-EE49-45D7-B11C-A4B1024CF6A8}.Release|x86.Build.0 = Release|x86
		{7F1E11B0-EE49-45D7-B11C-A4B1024CF6A8}.Release|x86.Deploy.0 = Release|x86
		{2B1E964C-5CDB-454B-B610-5A0F726E4EF4}.Debug|Any CPU.ActiveCfg = Debug|Any CPU
		{2B1E964C-5CDB-454B-B610-5A0F726E4EF4}.Debug|Any CPU.Build.0 = Debug|Any CPU
		{2B1E964C-5CDB-454B-B610-5A0F726E4EF4}.Debug|ARM.ActiveCfg = Debug|Any CPU
		{2B1E964C-5CDB-454B-B610-5A0F726E4EF4}.Debug|ARM.Build.0 = Debug|Any CPU
		{2B1E964C-5CDB-454B-B610-5A0F726E4EF4}.Debug|ARM64.ActiveCfg = Debug|Any CPU
		{2B1E964C-5CDB-454B-B610-5A0F726E4EF4}.Debug|ARM64.Build.0 = Debug|Any CPU
		{2B1E964C-5CDB-454B-B610-5A0F726E4EF4}.Debug|x64.ActiveCfg = Debug|Any CPU
		{2B1E964C-5CDB-454B-B610-5A0F726E4EF4}.Debug|x64.Build.0 = Debug|Any CPU
		{2B1E964C-5CDB-454B-B610-5A0F726E4EF4}.Debug|x86.ActiveCfg = Debug|Any CPU
		{2B1E964C-5CDB-454B-B610-5A0F726E4EF4}.Debug|x86.Build.0 = Debug|Any CPU
		{2B1E964C-5CDB-454B-B610-5A0F726E4EF4}.MACOS|Any CPU.ActiveCfg = MACOS|Any CPU
		{2B1E964C-5CDB-454B-B610-5A0F726E4EF4}.MACOS|Any CPU.Build.0 = MACOS|Any CPU
		{2B1E964C-5CDB-454B-B610-5A0F726E4EF4}.MACOS|ARM.ActiveCfg = MACOS|Any CPU
		{2B1E964C-5CDB-454B-B610-5A0F726E4EF4}.MACOS|ARM.Build.0 = MACOS|Any CPU
		{2B1E964C-5CDB-454B-B610-5A0F726E4EF4}.MACOS|ARM64.ActiveCfg = MACOS|Any CPU
		{2B1E964C-5CDB-454B-B610-5A0F726E4EF4}.MACOS|ARM64.Build.0 = MACOS|Any CPU
		{2B1E964C-5CDB-454B-B610-5A0F726E4EF4}.MACOS|x64.ActiveCfg = MACOS|Any CPU
		{2B1E964C-5CDB-454B-B610-5A0F726E4EF4}.MACOS|x64.Build.0 = MACOS|Any CPU
		{2B1E964C-5CDB-454B-B610-5A0F726E4EF4}.MACOS|x86.ActiveCfg = MACOS|Any CPU
		{2B1E964C-5CDB-454B-B610-5A0F726E4EF4}.MACOS|x86.Build.0 = MACOS|Any CPU
		{2B1E964C-5CDB-454B-B610-5A0F726E4EF4}.Release|Any CPU.ActiveCfg = Release|Any CPU
		{2B1E964C-5CDB-454B-B610-5A0F726E4EF4}.Release|Any CPU.Build.0 = Release|Any CPU
		{2B1E964C-5CDB-454B-B610-5A0F726E4EF4}.Release|ARM.ActiveCfg = Release|Any CPU
		{2B1E964C-5CDB-454B-B610-5A0F726E4EF4}.Release|ARM.Build.0 = Release|Any CPU
		{2B1E964C-5CDB-454B-B610-5A0F726E4EF4}.Release|ARM64.ActiveCfg = Release|Any CPU
		{2B1E964C-5CDB-454B-B610-5A0F726E4EF4}.Release|ARM64.Build.0 = Release|Any CPU
		{2B1E964C-5CDB-454B-B610-5A0F726E4EF4}.Release|x64.ActiveCfg = Release|Any CPU
		{2B1E964C-5CDB-454B-B610-5A0F726E4EF4}.Release|x64.Build.0 = Release|Any CPU
		{2B1E964C-5CDB-454B-B610-5A0F726E4EF4}.Release|x86.ActiveCfg = Release|Any CPU
		{2B1E964C-5CDB-454B-B610-5A0F726E4EF4}.Release|x86.Build.0 = Release|Any CPU
		{77DE562A-022C-4C8F-9DC6-7632EA9AAD65}.Debug|Any CPU.ActiveCfg = Debug|Any CPU
		{77DE562A-022C-4C8F-9DC6-7632EA9AAD65}.Debug|Any CPU.Build.0 = Debug|Any CPU
		{77DE562A-022C-4C8F-9DC6-7632EA9AAD65}.Debug|ARM.ActiveCfg = Debug|Any CPU
		{77DE562A-022C-4C8F-9DC6-7632EA9AAD65}.Debug|ARM.Build.0 = Debug|Any CPU
		{77DE562A-022C-4C8F-9DC6-7632EA9AAD65}.Debug|ARM64.ActiveCfg = Debug|Any CPU
		{77DE562A-022C-4C8F-9DC6-7632EA9AAD65}.Debug|ARM64.Build.0 = Debug|Any CPU
		{77DE562A-022C-4C8F-9DC6-7632EA9AAD65}.Debug|x64.ActiveCfg = Debug|Any CPU
		{77DE562A-022C-4C8F-9DC6-7632EA9AAD65}.Debug|x64.Build.0 = Debug|Any CPU
		{77DE562A-022C-4C8F-9DC6-7632EA9AAD65}.Debug|x86.ActiveCfg = Debug|Any CPU
		{77DE562A-022C-4C8F-9DC6-7632EA9AAD65}.Debug|x86.Build.0 = Debug|Any CPU
		{77DE562A-022C-4C8F-9DC6-7632EA9AAD65}.MACOS|Any CPU.ActiveCfg = MACOS|Any CPU
		{77DE562A-022C-4C8F-9DC6-7632EA9AAD65}.MACOS|Any CPU.Build.0 = MACOS|Any CPU
		{77DE562A-022C-4C8F-9DC6-7632EA9AAD65}.MACOS|ARM.ActiveCfg = MACOS|Any CPU
		{77DE562A-022C-4C8F-9DC6-7632EA9AAD65}.MACOS|ARM.Build.0 = MACOS|Any CPU
		{77DE562A-022C-4C8F-9DC6-7632EA9AAD65}.MACOS|ARM64.ActiveCfg = MACOS|Any CPU
		{77DE562A-022C-4C8F-9DC6-7632EA9AAD65}.MACOS|ARM64.Build.0 = MACOS|Any CPU
		{77DE562A-022C-4C8F-9DC6-7632EA9AAD65}.MACOS|x64.ActiveCfg = MACOS|Any CPU
		{77DE562A-022C-4C8F-9DC6-7632EA9AAD65}.MACOS|x64.Build.0 = MACOS|Any CPU
		{77DE562A-022C-4C8F-9DC6-7632EA9AAD65}.MACOS|x86.ActiveCfg = MACOS|Any CPU
		{77DE562A-022C-4C8F-9DC6-7632EA9AAD65}.MACOS|x86.Build.0 = MACOS|Any CPU
		{77DE562A-022C-4C8F-9DC6-7632EA9AAD65}.Release|Any CPU.ActiveCfg = Release|Any CPU
		{77DE562A-022C-4C8F-9DC6-7632EA9AAD65}.Release|Any CPU.Build.0 = Release|Any CPU
		{77DE562A-022C-4C8F-9DC6-7632EA9AAD65}.Release|ARM.ActiveCfg = Release|Any CPU
		{77DE562A-022C-4C8F-9DC6-7632EA9AAD65}.Release|ARM.Build.0 = Release|Any CPU
		{77DE562A-022C-4C8F-9DC6-7632EA9AAD65}.Release|ARM64.ActiveCfg = Release|Any CPU
		{77DE562A-022C-4C8F-9DC6-7632EA9AAD65}.Release|ARM64.Build.0 = Release|Any CPU
		{77DE562A-022C-4C8F-9DC6-7632EA9AAD65}.Release|x64.ActiveCfg = Release|Any CPU
		{77DE562A-022C-4C8F-9DC6-7632EA9AAD65}.Release|x64.Build.0 = Release|Any CPU
		{77DE562A-022C-4C8F-9DC6-7632EA9AAD65}.Release|x86.ActiveCfg = Release|Any CPU
		{77DE562A-022C-4C8F-9DC6-7632EA9AAD65}.Release|x86.Build.0 = Release|Any CPU
		{2FE963BB-6404-43D1-AE54-8EE9B8EA66A9}.Debug|Any CPU.ActiveCfg = Debug|Any CPU
		{2FE963BB-6404-43D1-AE54-8EE9B8EA66A9}.Debug|Any CPU.Build.0 = Debug|Any CPU
		{2FE963BB-6404-43D1-AE54-8EE9B8EA66A9}.Debug|ARM.ActiveCfg = Debug|Any CPU
		{2FE963BB-6404-43D1-AE54-8EE9B8EA66A9}.Debug|ARM.Build.0 = Debug|Any CPU
		{2FE963BB-6404-43D1-AE54-8EE9B8EA66A9}.Debug|ARM64.ActiveCfg = Debug|Any CPU
		{2FE963BB-6404-43D1-AE54-8EE9B8EA66A9}.Debug|ARM64.Build.0 = Debug|Any CPU
		{2FE963BB-6404-43D1-AE54-8EE9B8EA66A9}.Debug|x64.ActiveCfg = Debug|Any CPU
		{2FE963BB-6404-43D1-AE54-8EE9B8EA66A9}.Debug|x64.Build.0 = Debug|Any CPU
		{2FE963BB-6404-43D1-AE54-8EE9B8EA66A9}.Debug|x86.ActiveCfg = Debug|Any CPU
		{2FE963BB-6404-43D1-AE54-8EE9B8EA66A9}.Debug|x86.Build.0 = Debug|Any CPU
		{2FE963BB-6404-43D1-AE54-8EE9B8EA66A9}.MACOS|Any CPU.ActiveCfg = MACOS|Any CPU
		{2FE963BB-6404-43D1-AE54-8EE9B8EA66A9}.MACOS|Any CPU.Build.0 = MACOS|Any CPU
		{2FE963BB-6404-43D1-AE54-8EE9B8EA66A9}.MACOS|ARM.ActiveCfg = MACOS|Any CPU
		{2FE963BB-6404-43D1-AE54-8EE9B8EA66A9}.MACOS|ARM.Build.0 = MACOS|Any CPU
		{2FE963BB-6404-43D1-AE54-8EE9B8EA66A9}.MACOS|ARM64.ActiveCfg = MACOS|Any CPU
		{2FE963BB-6404-43D1-AE54-8EE9B8EA66A9}.MACOS|ARM64.Build.0 = MACOS|Any CPU
		{2FE963BB-6404-43D1-AE54-8EE9B8EA66A9}.MACOS|x64.ActiveCfg = MACOS|Any CPU
		{2FE963BB-6404-43D1-AE54-8EE9B8EA66A9}.MACOS|x64.Build.0 = MACOS|Any CPU
		{2FE963BB-6404-43D1-AE54-8EE9B8EA66A9}.MACOS|x86.ActiveCfg = MACOS|Any CPU
		{2FE963BB-6404-43D1-AE54-8EE9B8EA66A9}.MACOS|x86.Build.0 = MACOS|Any CPU
		{2FE963BB-6404-43D1-AE54-8EE9B8EA66A9}.Release|Any CPU.ActiveCfg = Release|Any CPU
		{2FE963BB-6404-43D1-AE54-8EE9B8EA66A9}.Release|Any CPU.Build.0 = Release|Any CPU
		{2FE963BB-6404-43D1-AE54-8EE9B8EA66A9}.Release|ARM.ActiveCfg = Release|Any CPU
		{2FE963BB-6404-43D1-AE54-8EE9B8EA66A9}.Release|ARM.Build.0 = Release|Any CPU
		{2FE963BB-6404-43D1-AE54-8EE9B8EA66A9}.Release|ARM64.ActiveCfg = Release|Any CPU
		{2FE963BB-6404-43D1-AE54-8EE9B8EA66A9}.Release|ARM64.Build.0 = Release|Any CPU
		{2FE963BB-6404-43D1-AE54-8EE9B8EA66A9}.Release|x64.ActiveCfg = Release|Any CPU
		{2FE963BB-6404-43D1-AE54-8EE9B8EA66A9}.Release|x64.Build.0 = Release|Any CPU
		{2FE963BB-6404-43D1-AE54-8EE9B8EA66A9}.Release|x86.ActiveCfg = Release|Any CPU
		{2FE963BB-6404-43D1-AE54-8EE9B8EA66A9}.Release|x86.Build.0 = Release|Any CPU
	EndGlobalSection
	GlobalSection(SolutionProperties) = preSolution
		HideSolutionNode = FALSE
	EndGlobalSection
	GlobalSection(ExtensibilityGlobals) = postSolution
		SolutionGuid = {99FD9477-F728-4672-933F-B39368B50CC3}
	EndGlobalSection
EndGlobal
