
Microsoft Visual Studio Solution File, Format Version 12.00
# Visual Studio Version 16
VisualStudioVersion = 16.0.29411.108
MinimumVisualStudioVersion = 10.0.40219.1
Project("{FAE04EC0-301F-11D3-BF4B-00C04F79EFBC}") = "BingBackground", "BingBackground\BingBackground.csproj", "{2FE963BB-6404-43D1-AE54-8EE9B8EA66A9}"
EndProject
Project("{FAE04EC0-301F-11D3-BF4B-00C04F79EFBC}") = "BBUWPTest", "BBUWPTest\BBUWPTest.csproj", "{F20DA506-E797-4CE9-AEE3-BC5F4D9CB60D}"
EndProject
Project("{FAE04EC0-301F-11D3-BF4B-00C04F79EFBC}") = "BBTest", "BBTest\BBTest.csproj", "{8EDB5A8F-57CB-43D7-8811-998696072448}"
EndProject
Project("{FAE04EC0-301F-11D3-BF4B-00C04F79EFBC}") = "BBBackgroundTask", "BBBackgroundTask\BBBackgroundTask.csproj", "{D29BFE0A-3ECF-4429-8A95-2CD098989A62}"
EndProject
Project("{FAE04EC0-301F-11D3-BF4B-00C04F79EFBC}") = "BBUWP", "BBUWP\BBUWP.csproj", "{7F1E11B0-EE49-45D7-B11C-A4B1024CF6A8}"
EndProject
Project("{FAE04EC0-301F-11D3-BF4B-00C04F79EFBC}") = "BBCore", "BBCore\BBCore.csproj", "{3E458B1D-476D-4977-B440-364DFA325B71}"
EndProject
Project("{9A19103F-16F7-4668-BE54-9A1E7A4F7556}") = "BBLibrary", "BBLibrary\BBLibrary.csproj", "{2788231C-A718-4D97-9171-810791D560D4}"
EndProject
Project("{9A19103F-16F7-4668-BE54-9A1E7A4F7556}") = "BBDotNetCore", "BBDotNetCore\BBDotNetCore.csproj", "{CCEC7B35-989E-4C94-A302-14A38405307A}"
EndProject
Global
	GlobalSection(SolutionConfigurationPlatforms) = preSolution
		Debug|Any CPU = Debug|Any CPU
		Debug|ARM = Debug|ARM
		Debug|ARM64 = Debug|ARM64
		Debug|x64 = Debug|x64
		Debug|x86 = Debug|x86
		Release|Any CPU = Release|Any CPU
		Release|ARM = Release|ARM
		Release|ARM64 = Release|ARM64
		Release|x64 = Release|x64
		Release|x86 = Release|x86
	EndGlobalSection
	GlobalSection(ProjectConfigurationPlatforms) = postSolution
		{2FE963BB-6404-43D1-AE54-8EE9B8EA66A9}.Debug|Any CPU.ActiveCfg = Debug|Any CPU
		{2FE963BB-6404-43D1-AE54-8EE9B8EA66A9}.Debug|Any CPU.Build.0 = Debug|Any CPU
		{2FE963BB-6404-43D1-AE54-8EE9B8EA66A9}.Debug|ARM.ActiveCfg = Debug|Any CPU
		{2FE963BB-6404-43D1-AE54-8EE9B8EA66A9}.Debug|ARM.Build.0 = Debug|Any CPU
		{2FE963BB-6404-43D1-AE54-8EE9B8EA66A9}.Debug|ARM64.ActiveCfg = Debug|Any CPU
		{2FE963BB-6404-43D1-AE54-8EE9B8EA66A9}.Debug|ARM64.Build.0 = Debug|Any CPU
		{2FE963BB-6404-43D1-AE54-8EE9B8EA66A9}.Debug|x64.ActiveCfg = Debug|Any CPU
		{2FE963BB-6404-43D1-AE54-8EE9B8EA66A9}.Debug|x64.Build.0 = Debug|Any CPU
		{2FE963BB-6404-43D1-AE54-8EE9B8EA66A9}.Debug|x86.ActiveCfg = Debug|Any CPU
		{2FE963BB-6404-43D1-AE54-8EE9B8EA66A9}.Debug|x86.Build.0 = Debug|Any CPU
		{2FE963BB-6404-43D1-AE54-8EE9B8EA66A9}.Release|Any CPU.ActiveCfg = Release|Any CPU
		{2FE963BB-6404-43D1-AE54-8EE9B8EA66A9}.Release|Any CPU.Build.0 = Release|Any CPU
		{2FE963BB-6404-43D1-AE54-8EE9B8EA66A9}.Release|ARM.ActiveCfg = Release|Any CPU
		{2FE963BB-6404-43D1-AE54-8EE9B8EA66A9}.Release|ARM.Build.0 = Release|Any CPU
		{2FE963BB-6404-43D1-AE54-8EE9B8EA66A9}.Release|ARM64.ActiveCfg = Release|Any CPU
		{2FE963BB-6404-43D1-AE54-8EE9B8EA66A9}.Release|ARM64.Build.0 = Release|Any CPU
		{2FE963BB-6404-43D1-AE54-8EE9B8EA66A9}.Release|x64.ActiveCfg = Release|Any CPU
		{2FE963BB-6404-43D1-AE54-8EE9B8EA66A9}.Release|x64.Build.0 = Release|Any CPU
		{2FE963BB-6404-43D1-AE54-8EE9B8EA66A9}.Release|x86.ActiveCfg = Release|Any CPU
		{2FE963BB-6404-43D1-AE54-8EE9B8EA66A9}.Release|x86.Build.0 = Release|Any CPU
		{F20DA506-E797-4CE9-AEE3-BC5F4D9CB60D}.Debug|Any CPU.ActiveCfg = Debug|Any CPU
		{F20DA506-E797-4CE9-AEE3-BC5F4D9CB60D}.Debug|Any CPU.Build.0 = Debug|Any CPU
		{F20DA506-E797-4CE9-AEE3-BC5F4D9CB60D}.Debug|ARM.ActiveCfg = Debug|Any CPU
		{F20DA506-E797-4CE9-AEE3-BC5F4D9CB60D}.Debug|ARM.Build.0 = Debug|Any CPU
		{F20DA506-E797-4CE9-AEE3-BC5F4D9CB60D}.Debug|ARM64.ActiveCfg = Debug|Any CPU
		{F20DA506-E797-4CE9-AEE3-BC5F4D9CB60D}.Debug|ARM64.Build.0 = Debug|Any CPU
		{F20DA506-E797-4CE9-AEE3-BC5F4D9CB60D}.Debug|x64.ActiveCfg = Debug|Any CPU
		{F20DA506-E797-4CE9-AEE3-BC5F4D9CB60D}.Debug|x64.Build.0 = Debug|Any CPU
		{F20DA506-E797-4CE9-AEE3-BC5F4D9CB60D}.Debug|x86.ActiveCfg = Debug|Any CPU
		{F20DA506-E797-4CE9-AEE3-BC5F4D9CB60D}.Debug|x86.Build.0 = Debug|Any CPU
		{F20DA506-E797-4CE9-AEE3-BC5F4D9CB60D}.Release|Any CPU.ActiveCfg = Release|Any CPU
		{F20DA506-E797-4CE9-AEE3-BC5F4D9CB60D}.Release|Any CPU.Build.0 = Release|Any CPU
		{F20DA506-E797-4CE9-AEE3-BC5F4D9CB60D}.Release|ARM.ActiveCfg = Release|Any CPU
		{F20DA506-E797-4CE9-AEE3-BC5F4D9CB60D}.Release|ARM.Build.0 = Release|Any CPU
		{F20DA506-E797-4CE9-AEE3-BC5F4D9CB60D}.Release|ARM64.ActiveCfg = Release|Any CPU
		{F20DA506-E797-4CE9-AEE3-BC5F4D9CB60D}.Release|ARM64.Build.0 = Release|Any CPU
		{F20DA506-E797-4CE9-AEE3-BC5F4D9CB60D}.Release|x64.ActiveCfg = Release|Any CPU
		{F20DA506-E797-4CE9-AEE3-BC5F4D9CB60D}.Release|x64.Build.0 = Release|Any CPU
		{F20DA506-E797-4CE9-AEE3-BC5F4D9CB60D}.Release|x86.ActiveCfg = Release|Any CPU
		{F20DA506-E797-4CE9-AEE3-BC5F4D9CB60D}.Release|x86.Build.0 = Release|Any CPU
		{8EDB5A8F-57CB-43D7-8811-998696072448}.Debug|Any CPU.ActiveCfg = Debug|x86
		{8EDB5A8F-57CB-43D7-8811-998696072448}.Debug|ARM.ActiveCfg = Debug|ARM
		{8EDB5A8F-57CB-43D7-8811-998696072448}.Debug|ARM.Build.0 = Debug|ARM
		{8EDB5A8F-57CB-43D7-8811-998696072448}.Debug|ARM.Deploy.0 = Debug|ARM
		{8EDB5A8F-57CB-43D7-8811-998696072448}.Debug|ARM64.ActiveCfg = Debug|ARM64
		{8EDB5A8F-57CB-43D7-8811-998696072448}.Debug|ARM64.Build.0 = Debug|ARM64
		{8EDB5A8F-57CB-43D7-8811-998696072448}.Debug|ARM64.Deploy.0 = Debug|ARM64
		{8EDB5A8F-57CB-43D7-8811-998696072448}.Debug|x64.ActiveCfg = Debug|x64
		{8EDB5A8F-57CB-43D7-8811-998696072448}.Debug|x64.Build.0 = Debug|x64
		{8EDB5A8F-57CB-43D7-8811-998696072448}.Debug|x64.Deploy.0 = Debug|x64
		{8EDB5A8F-57CB-43D7-8811-998696072448}.Debug|x86.ActiveCfg = Debug|x86
		{8EDB5A8F-57CB-43D7-8811-998696072448}.Debug|x86.Build.0 = Debug|x86
		{8EDB5A8F-57CB-43D7-8811-998696072448}.Debug|x86.Deploy.0 = Debug|x86
		{8EDB5A8F-57CB-43D7-8811-998696072448}.Release|Any CPU.ActiveCfg = Release|x86
		{8EDB5A8F-57CB-43D7-8811-998696072448}.Release|ARM.ActiveCfg = Release|ARM
		{8EDB5A8F-57CB-43D7-8811-998696072448}.Release|ARM.Build.0 = Release|ARM
		{8EDB5A8F-57CB-43D7-8811-998696072448}.Release|ARM.Deploy.0 = Release|ARM
		{8EDB5A8F-57CB-43D7-8811-998696072448}.Release|ARM64.ActiveCfg = Release|ARM64
		{8EDB5A8F-57CB-43D7-8811-998696072448}.Release|ARM64.Build.0 = Release|ARM64
		{8EDB5A8F-57CB-43D7-8811-998696072448}.Release|ARM64.Deploy.0 = Release|ARM64
		{8EDB5A8F-57CB-43D7-8811-998696072448}.Release|x64.ActiveCfg = Release|x64
		{8EDB5A8F-57CB-43D7-8811-998696072448}.Release|x64.Build.0 = Release|x64
		{8EDB5A8F-57CB-43D7-8811-998696072448}.Release|x64.Deploy.0 = Release|x64
		{8EDB5A8F-57CB-43D7-8811-998696072448}.Release|x86.ActiveCfg = Release|x86
		{8EDB5A8F-57CB-43D7-8811-998696072448}.Release|x86.Build.0 = Release|x86
		{8EDB5A8F-57CB-43D7-8811-998696072448}.Release|x86.Deploy.0 = Release|x86
		{D29BFE0A-3ECF-4429-8A95-2CD098989A62}.Debug|Any CPU.ActiveCfg = Debug|Any CPU
		{D29BFE0A-3ECF-4429-8A95-2CD098989A62}.Debug|Any CPU.Build.0 = Debug|Any CPU
		{D29BFE0A-3ECF-4429-8A95-2CD098989A62}.Debug|ARM.ActiveCfg = Debug|ARM
		{D29BFE0A-3ECF-4429-8A95-2CD098989A62}.Debug|ARM.Build.0 = Debug|ARM
		{D29BFE0A-3ECF-4429-8A95-2CD098989A62}.Debug|ARM64.ActiveCfg = Debug|ARM64
		{D29BFE0A-3ECF-4429-8A95-2CD098989A62}.Debug|ARM64.Build.0 = Debug|ARM64
		{D29BFE0A-3ECF-4429-8A95-2CD098989A62}.Debug|x64.ActiveCfg = Debug|x64
		{D29BFE0A-3ECF-4429-8A95-2CD098989A62}.Debug|x64.Build.0 = Debug|x64
		{D29BFE0A-3ECF-4429-8A95-2CD098989A62}.Debug|x86.ActiveCfg = Debug|x86
		{D29BFE0A-3ECF-4429-8A95-2CD098989A62}.Debug|x86.Build.0 = Debug|x86
		{D29BFE0A-3ECF-4429-8A95-2CD098989A62}.Release|Any CPU.ActiveCfg = Release|Any CPU
		{D29BFE0A-3ECF-4429-8A95-2CD098989A62}.Release|Any CPU.Build.0 = Release|Any CPU
		{D29BFE0A-3ECF-4429-8A95-2CD098989A62}.Release|ARM.ActiveCfg = Release|ARM
		{D29BFE0A-3ECF-4429-8A95-2CD098989A62}.Release|ARM.Build.0 = Release|ARM
		{D29BFE0A-3ECF-4429-8A95-2CD098989A62}.Release|ARM64.ActiveCfg = Release|ARM64
		{D29BFE0A-3ECF-4429-8A95-2CD098989A62}.Release|ARM64.Build.0 = Release|ARM64
		{D29BFE0A-3ECF-4429-8A95-2CD098989A62}.Release|x64.ActiveCfg = Release|x64
		{D29BFE0A-3ECF-4429-8A95-2CD098989A62}.Release|x64.Build.0 = Release|x64
		{D29BFE0A-3ECF-4429-8A95-2CD098989A62}.Release|x86.ActiveCfg = Release|x86
		{D29BFE0A-3ECF-4429-8A95-2CD098989A62}.Release|x86.Build.0 = Release|x86
		{7F1E11B0-EE49-45D7-B11C-A4B1024CF6A8}.Debug|Any CPU.ActiveCfg = Debug|x86
		{7F1E11B0-EE49-45D7-B11C-A4B1024CF6A8}.Debug|ARM.ActiveCfg = Debug|ARM
		{7F1E11B0-EE49-45D7-B11C-A4B1024CF6A8}.Debug|ARM.Build.0 = Debug|ARM
		{7F1E11B0-EE49-45D7-B11C-A4B1024CF6A8}.Debug|ARM.Deploy.0 = Debug|ARM
		{7F1E11B0-EE49-45D7-B11C-A4B1024CF6A8}.Debug|ARM64.ActiveCfg = Debug|ARM64
		{7F1E11B0-EE49-45D7-B11C-A4B1024CF6A8}.Debug|ARM64.Build.0 = Debug|ARM64
		{7F1E11B0-EE49-45D7-B11C-A4B1024CF6A8}.Debug|ARM64.Deploy.0 = Debug|ARM64
		{7F1E11B0-EE49-45D7-B11C-A4B1024CF6A8}.Debug|x64.ActiveCfg = Debug|x64
		{7F1E11B0-EE49-45D7-B11C-A4B1024CF6A8}.Debug|x64.Build.0 = Debug|x64
		{7F1E11B0-EE49-45D7-B11C-A4B1024CF6A8}.Debug|x64.Deploy.0 = Debug|x64
		{7F1E11B0-EE49-45D7-B11C-A4B1024CF6A8}.Debug|x86.ActiveCfg = Debug|x86
		{7F1E11B0-EE49-45D7-B11C-A4B1024CF6A8}.Debug|x86.Build.0 = Debug|x86
		{7F1E11B0-EE49-45D7-B11C-A4B1024CF6A8}.Debug|x86.Deploy.0 = Debug|x86
		{7F1E11B0-EE49-45D7-B11C-A4B1024CF6A8}.Release|Any CPU.ActiveCfg = Release|x86
		{7F1E11B0-EE49-45D7-B11C-A4B1024CF6A8}.Release|ARM.ActiveCfg = Release|ARM
		{7F1E11B0-EE49-45D7-B11C-A4B1024CF6A8}.Release|ARM.Build.0 = Release|ARM
		{7F1E11B0-EE49-45D7-B11C-A4B1024CF6A8}.Release|ARM.Deploy.0 = Release|ARM
		{7F1E11B0-EE49-45D7-B11C-A4B1024CF6A8}.Release|ARM64.ActiveCfg = Release|ARM64
		{7F1E11B0-EE49-45D7-B11C-A4B1024CF6A8}.Release|ARM64.Build.0 = Release|ARM64
		{7F1E11B0-EE49-45D7-B11C-A4B1024CF6A8}.Release|ARM64.Deploy.0 = Release|ARM64
		{7F1E11B0-EE49-45D7-B11C-A4B1024CF6A8}.Release|x64.ActiveCfg = Release|x64
		{7F1E11B0-EE49-45D7-B11C-A4B1024CF6A8}.Release|x64.Build.0 = Release|x64
		{7F1E11B0-EE49-45D7-B11C-A4B1024CF6A8}.Release|x64.Deploy.0 = Release|x64
		{7F1E11B0-EE49-45D7-B11C-A4B1024CF6A8}.Release|x86.ActiveCfg = Release|x86
		{7F1E11B0-EE49-45D7-B11C-A4B1024CF6A8}.Release|x86.Build.0 = Release|x86
		{7F1E11B0-EE49-45D7-B11C-A4B1024CF6A8}.Release|x86.Deploy.0 = Release|x86
		{3E458B1D-476D-4977-B440-364DFA325B71}.Debug|Any CPU.ActiveCfg = Debug|Any CPU
		{3E458B1D-476D-4977-B440-364DFA325B71}.Debug|Any CPU.Build.0 = Debug|Any CPU
		{3E458B1D-476D-4977-B440-364DFA325B71}.Debug|ARM.ActiveCfg = Debug|ARM
		{3E458B1D-476D-4977-B440-364DFA325B71}.Debug|ARM.Build.0 = Debug|ARM
		{3E458B1D-476D-4977-B440-364DFA325B71}.Debug|ARM64.ActiveCfg = Debug|ARM64
		{3E458B1D-476D-4977-B440-364DFA325B71}.Debug|ARM64.Build.0 = Debug|ARM64
		{3E458B1D-476D-4977-B440-364DFA325B71}.Debug|x64.ActiveCfg = Debug|x64
		{3E458B1D-476D-4977-B440-364DFA325B71}.Debug|x64.Build.0 = Debug|x64
		{3E458B1D-476D-4977-B440-364DFA325B71}.Debug|x86.ActiveCfg = Debug|x86
		{3E458B1D-476D-4977-B440-364DFA325B71}.Debug|x86.Build.0 = Debug|x86
		{3E458B1D-476D-4977-B440-364DFA325B71}.Release|Any CPU.ActiveCfg = Release|Any CPU
		{3E458B1D-476D-4977-B440-364DFA325B71}.Release|Any CPU.Build.0 = Release|Any CPU
		{3E458B1D-476D-4977-B440-364DFA325B71}.Release|ARM.ActiveCfg = Release|ARM
		{3E458B1D-476D-4977-B440-364DFA325B71}.Release|ARM.Build.0 = Release|ARM
		{3E458B1D-476D-4977-B440-364DFA325B71}.Release|ARM64.ActiveCfg = Release|ARM64
		{3E458B1D-476D-4977-B440-364DFA325B71}.Release|ARM64.Build.0 = Release|ARM64
		{3E458B1D-476D-4977-B440-364DFA325B71}.Release|x64.ActiveCfg = Release|x64
		{3E458B1D-476D-4977-B440-364DFA325B71}.Release|x64.Build.0 = Release|x64
		{3E458B1D-476D-4977-B440-364DFA325B71}.Release|x86.ActiveCfg = Release|x86
		{3E458B1D-476D-4977-B440-364DFA325B71}.Release|x86.Build.0 = Release|x86
		{2788231C-A718-4D97-9171-810791D560D4}.Debug|Any CPU.ActiveCfg = Debug|Any CPU
		{2788231C-A718-4D97-9171-810791D560D4}.Debug|Any CPU.Build.0 = Debug|Any CPU
		{2788231C-A718-4D97-9171-810791D560D4}.Debug|ARM.ActiveCfg = Debug|Any CPU
		{2788231C-A718-4D97-9171-810791D560D4}.Debug|ARM.Build.0 = Debug|Any CPU
		{2788231C-A718-4D97-9171-810791D560D4}.Debug|ARM64.ActiveCfg = Debug|Any CPU
		{2788231C-A718-4D97-9171-810791D560D4}.Debug|ARM64.Build.0 = Debug|Any CPU
		{2788231C-A718-4D97-9171-810791D560D4}.Debug|x64.ActiveCfg = Debug|Any CPU
		{2788231C-A718-4D97-9171-810791D560D4}.Debug|x64.Build.0 = Debug|Any CPU
		{2788231C-A718-4D97-9171-810791D560D4}.Debug|x86.ActiveCfg = Debug|Any CPU
		{2788231C-A718-4D97-9171-810791D560D4}.Debug|x86.Build.0 = Debug|Any CPU
		{2788231C-A718-4D97-9171-810791D560D4}.Release|Any CPU.ActiveCfg = Release|Any CPU
		{2788231C-A718-4D97-9171-810791D560D4}.Release|Any CPU.Build.0 = Release|Any CPU
		{2788231C-A718-4D97-9171-810791D560D4}.Release|ARM.ActiveCfg = Release|Any CPU
		{2788231C-A718-4D97-9171-810791D560D4}.Release|ARM.Build.0 = Release|Any CPU
		{2788231C-A718-4D97-9171-810791D560D4}.Release|ARM64.ActiveCfg = Release|Any CPU
		{2788231C-A718-4D97-9171-810791D560D4}.Release|ARM64.Build.0 = Release|Any CPU
		{2788231C-A718-4D97-9171-810791D560D4}.Release|x64.ActiveCfg = Release|Any CPU
		{2788231C-A718-4D97-9171-810791D560D4}.Release|x64.Build.0 = Release|Any CPU
		{2788231C-A718-4D97-9171-810791D560D4}.Release|x86.ActiveCfg = Release|Any CPU
		{2788231C-A718-4D97-9171-810791D560D4}.Release|x86.Build.0 = Release|Any CPU
		{CCEC7B35-989E-4C94-A302-14A38405307A}.Debug|Any CPU.ActiveCfg = Debug|Any CPU
		{CCEC7B35-989E-4C94-A302-14A38405307A}.Debug|Any CPU.Build.0 = Debug|Any CPU
		{CCEC7B35-989E-4C94-A302-14A38405307A}.Debug|ARM.ActiveCfg = Debug|Any CPU
		{CCEC7B35-989E-4C94-A302-14A38405307A}.Debug|ARM.Build.0 = Debug|Any CPU
		{CCEC7B35-989E-4C94-A302-14A38405307A}.Debug|ARM64.ActiveCfg = Debug|Any CPU
		{CCEC7B35-989E-4C94-A302-14A38405307A}.Debug|ARM64.Build.0 = Debug|Any CPU
		{CCEC7B35-989E-4C94-A302-14A38405307A}.Debug|x64.ActiveCfg = Debug|Any CPU
		{CCEC7B35-989E-4C94-A302-14A38405307A}.Debug|x64.Build.0 = Debug|Any CPU
		{CCEC7B35-989E-4C94-A302-14A38405307A}.Debug|x86.ActiveCfg = Debug|Any CPU
		{CCEC7B35-989E-4C94-A302-14A38405307A}.Debug|x86.Build.0 = Debug|Any CPU
		{CCEC7B35-989E-4C94-A302-14A38405307A}.Release|Any CPU.ActiveCfg = Release|Any CPU
		{CCEC7B35-989E-4C94-A302-14A38405307A}.Release|Any CPU.Build.0 = Release|Any CPU
		{CCEC7B35-989E-4C94-A302-14A38405307A}.Release|ARM.ActiveCfg = Release|Any CPU
		{CCEC7B35-989E-4C94-A302-14A38405307A}.Release|ARM.Build.0 = Release|Any CPU
		{CCEC7B35-989E-4C94-A302-14A38405307A}.Release|ARM64.ActiveCfg = Release|Any CPU
		{CCEC7B35-989E-4C94-A302-14A38405307A}.Release|ARM64.Build.0 = Release|Any CPU
		{CCEC7B35-989E-4C94-A302-14A38405307A}.Release|x64.ActiveCfg = Release|Any CPU
		{CCEC7B35-989E-4C94-A302-14A38405307A}.Release|x64.Build.0 = Release|Any CPU
		{CCEC7B35-989E-4C94-A302-14A38405307A}.Release|x86.ActiveCfg = Release|Any CPU
		{CCEC7B35-989E-4C94-A302-14A38405307A}.Release|x86.Build.0 = Release|Any CPU
	EndGlobalSection
	GlobalSection(SolutionProperties) = preSolution
		HideSolutionNode = FALSE
	EndGlobalSection
	GlobalSection(ExtensibilityGlobals) = postSolution
		SolutionGuid = {99FD9477-F728-4672-933F-B39368B50CC3}
	EndGlobalSection
EndGlobal
